// !$*UTF8*$!
{
	archiveVersion = 1;
	classes = {
	};
	objectVersion = 50;
	objects = {

/* Begin PBXBuildFile section */
		A70DEA11224FD96E00AA4731 /* AppDelegate.swift in Sources */ = {isa = PBXBuildFile; fileRef = A70DEA10224FD96E00AA4731 /* AppDelegate.swift */; };
		A70DEA13224FD96E00AA4731 /* ViewController.swift in Sources */ = {isa = PBXBuildFile; fileRef = A70DEA12224FD96E00AA4731 /* ViewController.swift */; };
		A70DEA16224FD96E00AA4731 /* Main.storyboard in Resources */ = {isa = PBXBuildFile; fileRef = A70DEA14224FD96E00AA4731 /* Main.storyboard */; };
		A70DEA19224FD96E00AA4731 /* onECalendar.xcdatamodeld in Sources */ = {isa = PBXBuildFile; fileRef = A70DEA17224FD96E00AA4731 /* onECalendar.xcdatamodeld */; };
		A70DEA1B224FD96F00AA4731 /* Assets.xcassets in Resources */ = {isa = PBXBuildFile; fileRef = A70DEA1A224FD96F00AA4731 /* Assets.xcassets */; };
		A70DEA1E224FD96F00AA4731 /* LaunchScreen.storyboard in Resources */ = {isa = PBXBuildFile; fileRef = A70DEA1C224FD96F00AA4731 /* LaunchScreen.storyboard */; };
/* End PBXBuildFile section */

/* Begin PBXFileReference section */
		A70DEA0D224FD96E00AA4731 /* onECalendar.app */ = {isa = PBXFileReference; explicitFileType = wrapper.application; includeInIndex = 0; path = onECalendar.app; sourceTree = BUILT_PRODUCTS_DIR; };
		A70DEA10224FD96E00AA4731 /* AppDelegate.swift */ = {isa = PBXFileReference; lastKnownFileType = sourcecode.swift; path = AppDelegate.swift; sourceTree = "<group>"; };
		A70DEA12224FD96E00AA4731 /* ViewController.swift */ = {isa = PBXFileReference; lastKnownFileType = sourcecode.swift; path = ViewController.swift; sourceTree = "<group>"; };
		A70DEA15224FD96E00AA4731 /* Base */ = {isa = PBXFileReference; lastKnownFileType = file.storyboard; name = Base; path = Base.lproj/Main.storyboard; sourceTree = "<group>"; };
		A70DEA18224FD96E00AA4731 /* onECalendar.xcdatamodel */ = {isa = PBXFileReference; lastKnownFileType = wrapper.xcdatamodel; path = onECalendar.xcdatamodel; sourceTree = "<group>"; };
		A70DEA1A224FD96F00AA4731 /* Assets.xcassets */ = {isa = PBXFileReference; lastKnownFileType = folder.assetcatalog; path = Assets.xcassets; sourceTree = "<group>"; };
		A70DEA1D224FD96F00AA4731 /* Base */ = {isa = PBXFileReference; lastKnownFileType = file.storyboard; name = Base; path = Base.lproj/LaunchScreen.storyboard; sourceTree = "<group>"; };
		A70DEA1F224FD96F00AA4731 /* Info.plist */ = {isa = PBXFileReference; lastKnownFileType = text.plist.xml; path = Info.plist; sourceTree = "<group>"; };
/* End PBXFileReference section */

/* Begin PBXFrameworksBuildPhase section */
		A70DEA0A224FD96E00AA4731 /* Frameworks */ = {
			isa = PBXFrameworksBuildPhase;
			buildActionMask = 2147483647;
			files = (
			);
			runOnlyForDeploymentPostprocessing = 0;
		};
/* End PBXFrameworksBuildPhase section */

/* Begin PBXGroup section */
		A70DEA04224FD96E00AA4731 = {
			isa = PBXGroup;
			children = (
				A70DEA0F224FD96E00AA4731 /* onECalendar */,
				A70DEA0E224FD96E00AA4731 /* Products */,
			);
			sourceTree = "<group>";
		};
		A70DEA0E224FD96E00AA4731 /* Products */ = {
			isa = PBXGroup;
			children = (
				A70DEA0D224FD96E00AA4731 /* onECalendar.app */,
			);
			name = Products;
			sourceTree = "<group>";
		};
		A70DEA0F224FD96E00AA4731 /* onECalendar */ = {
			isa = PBXGroup;
			children = (
				A70DEA10224FD96E00AA4731 /* AppDelegate.swift */,
				A70DEA12224FD96E00AA4731 /* ViewController.swift */,
				A70DEA14224FD96E00AA4731 /* Main.storyboard */,
				A70DEA1A224FD96F00AA4731 /* Assets.xcassets */,
				A70DEA1C224FD96F00AA4731 /* LaunchScreen.storyboard */,
				A70DEA1F224FD96F00AA4731 /* Info.plist */,
				A70DEA17224FD96E00AA4731 /* onECalendar.xcdatamodeld */,
			);
			path = onECalendar;
			sourceTree = "<group>";
		};
/* End PBXGroup section */

/* Begin PBXNativeTarget section */
		A70DEA0C224FD96E00AA4731 /* onECalendar */ = {
			isa = PBXNativeTarget;
			buildConfigurationList = A70DEA22224FD96F00AA4731 /* Build configuration list for PBXNativeTarget "onECalendar" */;
			buildPhases = (
				A70DEA09224FD96E00AA4731 /* Sources */,
				A70DEA0A224FD96E00AA4731 /* Frameworks */,
				A70DEA0B224FD96E00AA4731 /* Resources */,
			);
			buildRules = (
			);
			dependencies = (
			);
			name = onECalendar;
			productName = onECalendar;
			productReference = A70DEA0D224FD96E00AA4731 /* onECalendar.app */;
			productType = "com.apple.product-type.application";
		};
/* End PBXNativeTarget section */

/* Begin PBXProject section */
		A70DEA05224FD96E00AA4731 /* Project object */ = {
			isa = PBXProject;
			attributes = {
				LastSwiftUpdateCheck = 1020;
				LastUpgradeCheck = 1020;
				ORGANIZATIONNAME = "Ronnie Li";
				TargetAttributes = {
					A70DEA0C224FD96E00AA4731 = {
						CreatedOnToolsVersion = 10.2;
					};
				};
			};
			buildConfigurationList = A70DEA08224FD96E00AA4731 /* Build configuration list for PBXProject "onECalendar" */;
			compatibilityVersion = "Xcode 9.3";
			developmentRegion = en;
			hasScannedForEncodings = 0;
			knownRegions = (
				en,
				Base,
			);
			mainGroup = A70DEA04224FD96E00AA4731;
			productRefGroup = A70DEA0E224FD96E00AA4731 /* Products */;
			projectDirPath = "";
			projectRoot = "";
			targets = (
				A70DEA0C224FD96E00AA4731 /* onECalendar */,
			);
		};
/* End PBXProject section */

/* Begin PBXResourcesBuildPhase section */
		A70DEA0B224FD96E00AA4731 /* Resources */ = {
			isa = PBXResourcesBuildPhase;
			buildActionMask = 2147483647;
			files = (
				A70DEA1E224FD96F00AA4731 /* LaunchScreen.storyboard in Resources */,
				A70DEA1B224FD96F00AA4731 /* Assets.xcassets in Resources */,
				A70DEA16224FD96E00AA4731 /* Main.storyboard in Resources */,
			);
			runOnlyForDeploymentPostprocessing = 0;
		};
/* End PBXResourcesBuildPhase section */

/* Begin PBXSourcesBuildPhase section */
		A70DEA09224FD96E00AA4731 /* Sources */ = {
			isa = PBXSourcesBuildPhase;
			buildActionMask = 2147483647;
			files = (
				A70DEA13224FD96E00AA4731 /* ViewController.swift in Sources */,
				A70DEA11224FD96E00AA4731 /* AppDelegate.swift in Sources */,
				A70DEA19224FD96E00AA4731 /* onECalendar.xcdatamodeld in Sources */,
			);
			runOnlyForDeploymentPostprocessing = 0;
		};
/* End PBXSourcesBuildPhase section */

/* Begin PBXVariantGroup section */
		A70DEA14224FD96E00AA4731 /* Main.storyboard */ = {
			isa = PBXVariantGroup;
			children = (
				A70DEA15224FD96E00AA4731 /* Base */,
			);
			name = Main.storyboard;
			sourceTree = "<group>";
		};
		A70DEA1C224FD96F00AA4731 /* LaunchScreen.storyboard */ = {
			isa = PBXVariantGroup;
			children = (
				A70DEA1D224FD96F00AA4731 /* Base */,
			);
			name = LaunchScreen.storyboard;
			sourceTree = "<group>";
		};
/* End PBXVariantGroup section */

/* Begin XCBuildConfiguration section */
		A70DEA20224FD96F00AA4731 /* Debug */ = {
			isa = XCBuildConfiguration;
			buildSettings = {
				ALWAYS_SEARCH_USER_PATHS = NO;
				CLANG_ANALYZER_NONNULL = YES;
				CLANG_ANALYZER_NUMBER_OBJECT_CONVERSION = YES_AGGRESSIVE;
				CLANG_CXX_LANGUAGE_STANDARD = "gnu++14";
				CLANG_CXX_LIBRARY = "libc++";
				CLANG_ENABLE_MODULES = YES;
				CLANG_ENABLE_OBJC_ARC = YES;
				CLANG_ENABLE_OBJC_WEAK = YES;
				CLANG_WARN_BLOCK_CAPTURE_AUTORELEASING = YES;
				CLANG_WARN_BOOL_CONVERSION = YES;
				CLANG_WARN_COMMA = YES;
				CLANG_WARN_CONSTANT_CONVERSION = YES;
				CLANG_WARN_DEPRECATED_OBJC_IMPLEMENTATIONS = YES;
				CLANG_WARN_DIRECT_OBJC_ISA_USAGE = YES_ERROR;
				CLANG_WARN_DOCUMENTATION_COMMENTS = YES;
				CLANG_WARN_EMPTY_BODY = YES;
				CLANG_WARN_ENUM_CONVERSION = YES;
				CLANG_WARN_INFINITE_RECURSION = YES;
				CLANG_WARN_INT_CONVERSION = YES;
				CLANG_WARN_NON_LITERAL_NULL_CONVERSION = YES;
				CLANG_WARN_OBJC_IMPLICIT_RETAIN_SELF = YES;
				CLANG_WARN_OBJC_LITERAL_CONVERSION = YES;
				CLANG_WARN_OBJC_ROOT_CLASS = YES_ERROR;
				CLANG_WARN_RANGE_LOOP_ANALYSIS = YES;
				CLANG_WARN_STRICT_PROTOTYPES = YES;
				CLANG_WARN_SUSPICIOUS_MOVE = YES;
				CLANG_WARN_UNGUARDED_AVAILABILITY = YES_AGGRESSIVE;
				CLANG_WARN_UNREACHABLE_CODE = YES;
				CLANG_WARN__DUPLICATE_METHOD_MATCH = YES;
				CODE_SIGN_IDENTITY = "iPhone Developer";
				COPY_PHASE_STRIP = NO;
				DEBUG_INFORMATION_FORMAT = dwarf;
				ENABLE_STRICT_OBJC_MSGSEND = YES;
				ENABLE_TESTABILITY = YES;
				GCC_C_LANGUAGE_STANDARD = gnu11;
				GCC_DYNAMIC_NO_PIC = NO;
				GCC_NO_COMMON_BLOCKS = YES;
				GCC_OPTIMIZATION_LEVEL = 0;
				GCC_PREPROCESSOR_DEFINITIONS = (
					"DEBUG=1",
					"$(inherited)",
				);
				GCC_WARN_64_TO_32_BIT_CONVERSION = YES;
				GCC_WARN_ABOUT_RETURN_TYPE = YES_ERROR;
				GCC_WARN_UNDECLARED_SELECTOR = YES;
				GCC_WARN_UNINITIALIZED_AUTOS = YES_AGGRESSIVE;
				GCC_WARN_UNUSED_FUNCTION = YES;
				GCC_WARN_UNUSED_VARIABLE = YES;
				IPHONEOS_DEPLOYMENT_TARGET = 12.2;
				MTL_ENABLE_DEBUG_INFO = INCLUDE_SOURCE;
				MTL_FAST_MATH = YES;
				ONLY_ACTIVE_ARCH = YES;
				SDKROOT = iphoneos;
				SWIFT_ACTIVE_COMPILATION_CONDITIONS = DEBUG;
				SWIFT_OPTIMIZATION_LEVEL = "-Onone";
			};
			name = Debug;
		};
		A70DEA21224FD96F00AA4731 /* Release */ = {
			isa = XCBuildConfiguration;
			buildSettings = {
				ALWAYS_SEARCH_USER_PATHS = NO;
				CLANG_ANALYZER_NONNULL = YES;
				CLANG_ANALYZER_NUMBER_OBJECT_CONVERSION = YES_AGGRESSIVE;
				CLANG_CXX_LANGUAGE_STANDARD = "gnu++14";
				CLANG_CXX_LIBRARY = "libc++";
				CLANG_ENABLE_MODULES = YES;
				CLANG_ENABLE_OBJC_ARC = YES;
				CLANG_ENABLE_OBJC_WEAK = YES;
				CLANG_WARN_BLOCK_CAPTURE_AUTORELEASING = YES;
				CLANG_WARN_BOOL_CONVERSION = YES;
				CLANG_WARN_COMMA = YES;
				CLANG_WARN_CONSTANT_CONVERSION = YES;
				CLANG_WARN_DEPRECATED_OBJC_IMPLEMENTATIONS = YES;
				CLANG_WARN_DIRECT_OBJC_ISA_USAGE = YES_ERROR;
				CLANG_WARN_DOCUMENTATION_COMMENTS = YES;
				CLANG_WARN_EMPTY_BODY = YES;
				CLANG_WARN_ENUM_CONVERSION = YES;
				CLANG_WARN_INFINITE_RECURSION = YES;
				CLANG_WARN_INT_CONVERSION = YES;
				CLANG_WARN_NON_LITERAL_NULL_CONVERSION = YES;
				CLANG_WARN_OBJC_IMPLICIT_RETAIN_SELF = YES;
				CLANG_WARN_OBJC_LITERAL_CONVERSION = YES;
				CLANG_WARN_OBJC_ROOT_CLASS = YES_ERROR;
				CLANG_WARN_RANGE_LOOP_ANALYSIS = YES;
				CLANG_WARN_STRICT_PROTOTYPES = YES;
				CLANG_WARN_SUSPICIOUS_MOVE = YES;
				CLANG_WARN_UNGUARDED_AVAILABILITY = YES_AGGRESSIVE;
				CLANG_WARN_UNREACHABLE_CODE = YES;
				CLANG_WARN__DUPLICATE_METHOD_MATCH = YES;
				CODE_SIGN_IDENTITY = "iPhone Developer";
				COPY_PHASE_STRIP = NO;
				DEBUG_INFORMATION_FORMAT = "dwarf-with-dsym";
				ENABLE_NS_ASSERTIONS = NO;
				ENABLE_STRICT_OBJC_MSGSEND = YES;
				GCC_C_LANGUAGE_STANDARD = gnu11;
				GCC_NO_COMMON_BLOCKS = YES;
				GCC_WARN_64_TO_32_BIT_CONVERSION = YES;
				GCC_WARN_ABOUT_RETURN_TYPE = YES_ERROR;
				GCC_WARN_UNDECLARED_SELECTOR = YES;
				GCC_WARN_UNINITIALIZED_AUTOS = YES_AGGRESSIVE;
				GCC_WARN_UNUSED_FUNCTION = YES;
				GCC_WARN_UNUSED_VARIABLE = YES;
				IPHONEOS_DEPLOYMENT_TARGET = 12.2;
				MTL_ENABLE_DEBUG_INFO = NO;
				MTL_FAST_MATH = YES;
				SDKROOT = iphoneos;
				SWIFT_COMPILATION_MODE = wholemodule;
				SWIFT_OPTIMIZATION_LEVEL = "-O";
				VALIDATE_PRODUCT = YES;
			};
			name = Release;
		};
		A70DEA23224FD96F00AA4731 /* Debug */ = {
			isa = XCBuildConfiguration;
			buildSettings = {
				ASSETCATALOG_COMPILER_APPICON_NAME = AppIcon;
				CODE_SIGN_STYLE = Automatic;
				INFOPLIST_FILE = onECalendar/Info.plist;
				LD_RUNPATH_SEARCH_PATHS = (
					"$(inherited)",
					"@executable_path/Frameworks",
				);
				PRODUCT_BUNDLE_IDENTIFIER = cityu.onECalendar;
				PRODUCT_NAME = "$(TARGET_NAME)";
				SWIFT_VERSION = 5.0;
				TARGETED_DEVICE_FAMILY = "1,2";
			};
			name = Debug;
		};
		A70DEA24224FD96F00AA4731 /* Release */ = {
			isa = XCBuildConfiguration;
			buildSettings = {
				ASSETCATALOG_COMPILER_APPICON_NAME = AppIcon;
				CODE_SIGN_STYLE = Automatic;
				INFOPLIST_FILE = onECalendar/Info.plist;
				LD_RUNPATH_SEARCH_PATHS = (
					"$(inherited)",
					"@executable_path/Frameworks",
				);
				PRODUCT_BUNDLE_IDENTIFIER = cityu.onECalendar;
				PRODUCT_NAME = "$(TARGET_NAME)";
				SWIFT_VERSION = 5.0;
				TARGETED_DEVICE_FAMILY = "1,2";
			};
			name = Release;
		};
/* End XCBuildConfiguration section */

/* Begin XCConfigurationList section */
		A70DEA08224FD96E00AA4731 /* Build configuration list for PBXProject "onECalendar" */ = {
			isa = XCConfigurationList;
			buildConfigurations = (
				A70DEA20224FD96F00AA4731 /* Debug */,
				A70DEA21224FD96F00AA4731 /* Release */,
			);
			defaultConfigurationIsVisible = 0;
			defaultConfigurationName = Release;
		};
		A70DEA22224FD96F00AA4731 /* Build configuration list for PBXNativeTarget "onECalendar" */ = {
			isa = XCConfigurationList;
			buildConfigurations = (
				A70DEA23224FD96F00AA4731 /* Debug */,
				A70DEA24224FD96F00AA4731 /* Release */,
			);
			defaultConfigurationIsVisible = 0;
			defaultConfigurationName = Release;
		};
/* End XCConfigurationList section */

/* Begin XCVersionGroup section */
		A70DEA17224FD96E00AA4731 /* onECalendar.xcdatamodeld */ = {
			isa = XCVersionGroup;
			children = (
				A70DEA18224FD96E00AA4731 /* onECalendar.xcdatamodel */,
			);
			currentVersion = A70DEA18224FD96E00AA4731 /* onECalendar.xcdatamodel */;
			path = onECalendar.xcdatamodeld;
			sourceTree = "<group>";
			versionGroupType = wrapper.xcdatamodel;
		};
/* End XCVersionGroup section */
	};
	rootObject = A70DEA05224FD96E00AA4731 /* Project object */;
}
